{
  "version": "3",
  "packages": {
    "specifiers": {
      "jsr:@hono/hono@^4.5.8": "jsr:@hono/hono@4.5.8"
    },
    "jsr": {
      "@hono/hono@4.5.8": {
        "integrity": "60f5b4c61edae2016022d6087b4fc381f378d337f046f56e00a3a3512c7e9c16"
      }
    }
  },
  "remote": {},
  "workspace": {
    "dependencies": [
      "jsr:@hono/hono@^4.5.8"
    ]
  }
}
